// !$*UTF8*$!
{
	archiveVersion = 1;
	classes = {
	};
	objectVersion = 51;
	objects = {

/* Begin PBXBuildFile section */
		631C474925442E3700FD1105 /* StorigeManadger.swift in Sources */ = {isa = PBXBuildFile; fileRef = 631C474825442E3700FD1105 /* StorigeManadger.swift */; };
		63E4B52A254A2AAA002E72FD /* RatingControl.swift in Sources */ = {isa = PBXBuildFile; fileRef = 63E4B529254A2AAA002E72FD /* RatingControl.swift */; };
		63E4B532254B1EE5002E72FD /* RatingPresent.swift in Sources */ = {isa = PBXBuildFile; fileRef = 63E4B531254B1EE5002E72FD /* RatingPresent.swift */; };
		63E4B53B254C521D002E72FD /* MapViewController.swift in Sources */ = {isa = PBXBuildFile; fileRef = 63E4B53A254C521D002E72FD /* MapViewController.swift */; };
		97B28D4BAD2D03E06B36457A /* Pods_MyPlaces.framework in Frameworks */ = {isa = PBXBuildFile; fileRef = CCBD05CEF354146BFFEA8144 /* Pods_MyPlaces.framework */; };
		A6EA1064253E1054008E4EF0 /* Assets.xcassets in Resources */ = {isa = PBXBuildFile; fileRef = A6F81DF1253DB69300A66AF0 /* Assets.xcassets */; };
		A6EA106A253E2332008E4EF0 /* CutomViewCellTableViewCell.swift in Sources */ = {isa = PBXBuildFile; fileRef = A6EA1069253E2332008E4EF0 /* CutomViewCellTableViewCell.swift */; };
		A6EA106C253E2682008E4EF0 /* PlaceModel.swift in Sources */ = {isa = PBXBuildFile; fileRef = A6EA106B253E2682008E4EF0 /* PlaceModel.swift */; };
		A6EA1070253F12B3008E4EF0 /* NewPlaceViewController.swift in Sources */ = {isa = PBXBuildFile; fileRef = A6EA106F253F12B3008E4EF0 /* NewPlaceViewController.swift */; };
		A6F81DE9253DB69200A66AF0 /* AppDelegate.swift in Sources */ = {isa = PBXBuildFile; fileRef = A6F81DE8253DB69200A66AF0 /* AppDelegate.swift */; };
		A6F81DEB253DB69200A66AF0 /* SceneDelegate.swift in Sources */ = {isa = PBXBuildFile; fileRef = A6F81DEA253DB69200A66AF0 /* SceneDelegate.swift */; };
		A6F81DF0253DB69200A66AF0 /* Main.storyboard in Resources */ = {isa = PBXBuildFile; fileRef = A6F81DEE253DB69200A66AF0 /* Main.storyboard */; };
		A6F81DF5253DB69300A66AF0 /* LaunchScreen.storyboard in Resources */ = {isa = PBXBuildFile; fileRef = A6F81DF3253DB69300A66AF0 /* LaunchScreen.storyboard */; };
		A6F81DFD253DC12E00A66AF0 /* TableViewController.swift in Sources */ = {isa = PBXBuildFile; fileRef = A6F81DFC253DC12E00A66AF0 /* TableViewController.swift */; };
/* End PBXBuildFile section */

/* Begin PBXFileReference section */
		631C474825442E3700FD1105 /* StorigeManadger.swift */ = {isa = PBXFileReference; lastKnownFileType = sourcecode.swift; path = StorigeManadger.swift; sourceTree = "<group>"; };
		63E4B529254A2AAA002E72FD /* RatingControl.swift */ = {isa = PBXFileReference; lastKnownFileType = sourcecode.swift; path = RatingControl.swift; sourceTree = "<group>"; };
		63E4B531254B1EE5002E72FD /* RatingPresent.swift */ = {isa = PBXFileReference; lastKnownFileType = sourcecode.swift; path = RatingPresent.swift; sourceTree = "<group>"; };
		63E4B53A254C521D002E72FD /* MapViewController.swift */ = {isa = PBXFileReference; lastKnownFileType = sourcecode.swift; path = MapViewController.swift; sourceTree = "<group>"; };
		A6EA1069253E2332008E4EF0 /* CutomViewCellTableViewCell.swift */ = {isa = PBXFileReference; lastKnownFileType = sourcecode.swift; path = CutomViewCellTableViewCell.swift; sourceTree = "<group>"; };
		A6EA106B253E2682008E4EF0 /* PlaceModel.swift */ = {isa = PBXFileReference; lastKnownFileType = sourcecode.swift; path = PlaceModel.swift; sourceTree = "<group>"; };
		A6EA106F253F12B3008E4EF0 /* NewPlaceViewController.swift */ = {isa = PBXFileReference; lastKnownFileType = sourcecode.swift; path = NewPlaceViewController.swift; sourceTree = "<group>"; };
		A6F81DE5253DB69200A66AF0 /* MyPlaces.app */ = {isa = PBXFileReference; explicitFileType = wrapper.application; includeInIndex = 0; path = MyPlaces.app; sourceTree = BUILT_PRODUCTS_DIR; };
		A6F81DE8253DB69200A66AF0 /* AppDelegate.swift */ = {isa = PBXFileReference; lastKnownFileType = sourcecode.swift; path = AppDelegate.swift; sourceTree = "<group>"; };
		A6F81DEA253DB69200A66AF0 /* SceneDelegate.swift */ = {isa = PBXFileReference; lastKnownFileType = sourcecode.swift; path = SceneDelegate.swift; sourceTree = "<group>"; };
		A6F81DEF253DB69200A66AF0 /* Base */ = {isa = PBXFileReference; lastKnownFileType = file.storyboard; name = Base; path = Base.lproj/Main.storyboard; sourceTree = "<group>"; };
		A6F81DF1253DB69300A66AF0 /* Assets.xcassets */ = {isa = PBXFileReference; lastKnownFileType = folder.assetcatalog; path = Assets.xcassets; sourceTree = "<group>"; };
		A6F81DF4253DB69300A66AF0 /* Base */ = {isa = PBXFileReference; lastKnownFileType = file.storyboard; name = Base; path = Base.lproj/LaunchScreen.storyboard; sourceTree = "<group>"; };
		A6F81DF6253DB69300A66AF0 /* Info.plist */ = {isa = PBXFileReference; lastKnownFileType = text.plist.xml; path = Info.plist; sourceTree = "<group>"; };
		A6F81DFC253DC12E00A66AF0 /* TableViewController.swift */ = {isa = PBXFileReference; lastKnownFileType = sourcecode.swift; path = TableViewController.swift; sourceTree = "<group>"; };
		CCBD05CEF354146BFFEA8144 /* Pods_MyPlaces.framework */ = {isa = PBXFileReference; explicitFileType = wrapper.framework; includeInIndex = 0; path = Pods_MyPlaces.framework; sourceTree = BUILT_PRODUCTS_DIR; };
		F69DC0F87577F379114C0100 /* Pods-MyPlaces.release.xcconfig */ = {isa = PBXFileReference; includeInIndex = 1; lastKnownFileType = text.xcconfig; name = "Pods-MyPlaces.release.xcconfig"; path = "Target Support Files/Pods-MyPlaces/Pods-MyPlaces.release.xcconfig"; sourceTree = "<group>"; };
		FEB5C02F731DC62278197230 /* Pods-MyPlaces.debug.xcconfig */ = {isa = PBXFileReference; includeInIndex = 1; lastKnownFileType = text.xcconfig; name = "Pods-MyPlaces.debug.xcconfig"; path = "Target Support Files/Pods-MyPlaces/Pods-MyPlaces.debug.xcconfig"; sourceTree = "<group>"; };
/* End PBXFileReference section */

/* Begin PBXFrameworksBuildPhase section */
		A6F81DE2253DB69200A66AF0 /* Frameworks */ = {
			isa = PBXFrameworksBuildPhase;
			buildActionMask = 2147483647;
			files = (
				97B28D4BAD2D03E06B36457A /* Pods_MyPlaces.framework in Frameworks */,
			);
			runOnlyForDeploymentPostprocessing = 0;
		};
/* End PBXFrameworksBuildPhase section */

/* Begin PBXGroup section */
		46EB0CB2EA8A438E83FB1039 /* Frameworks */ = {
			isa = PBXGroup;
			children = (
				CCBD05CEF354146BFFEA8144 /* Pods_MyPlaces.framework */,
			);
			name = Frameworks;
			sourceTree = "<group>";
		};
		A6F81DDC253DB69200A66AF0 = {
			isa = PBXGroup;
			children = (
				A6F81DE7253DB69200A66AF0 /* MyPlaces */,
				A6F81DE6253DB69200A66AF0 /* Products */,
				F73144448B4CA49C6B9AD8BA /* Pods */,
				46EB0CB2EA8A438E83FB1039 /* Frameworks */,
			);
			sourceTree = "<group>";
		};
		A6F81DE6253DB69200A66AF0 /* Products */ = {
			isa = PBXGroup;
			children = (
				A6F81DE5253DB69200A66AF0 /* MyPlaces.app */,
			);
			name = Products;
			sourceTree = "<group>";
		};
		A6F81DE7253DB69200A66AF0 /* MyPlaces */ = {
			isa = PBXGroup;
			children = (
				A6F81DE8253DB69200A66AF0 /* AppDelegate.swift */,
				A6F81DEA253DB69200A66AF0 /* SceneDelegate.swift */,
				A6F81DFC253DC12E00A66AF0 /* TableViewController.swift */,
				A6EA1069253E2332008E4EF0 /* CutomViewCellTableViewCell.swift */,
				A6EA106B253E2682008E4EF0 /* PlaceModel.swift */,
				631C474825442E3700FD1105 /* StorigeManadger.swift */,
				A6EA106F253F12B3008E4EF0 /* NewPlaceViewController.swift */,
				63E4B53A254C521D002E72FD /* MapViewController.swift */,
				63E4B529254A2AAA002E72FD /* RatingControl.swift */,
				63E4B531254B1EE5002E72FD /* RatingPresent.swift */,
				A6F81DEE253DB69200A66AF0 /* Main.storyboard */,
				A6F81DF1253DB69300A66AF0 /* Assets.xcassets */,
				A6F81DF3253DB69300A66AF0 /* LaunchScreen.storyboard */,
				A6F81DF6253DB69300A66AF0 /* Info.plist */,
			);
			path = MyPlaces;
			sourceTree = "<group>";
		};
		F73144448B4CA49C6B9AD8BA /* Pods */ = {
			isa = PBXGroup;
			children = (
				FEB5C02F731DC62278197230 /* Pods-MyPlaces.debug.xcconfig */,
				F69DC0F87577F379114C0100 /* Pods-MyPlaces.release.xcconfig */,
			);
			path = Pods;
			sourceTree = "<group>";
		};
/* End PBXGroup section */

/* Begin PBXNativeTarget section */
		A6F81DE4253DB69200A66AF0 /* MyPlaces */ = {
			isa = PBXNativeTarget;
			buildConfigurationList = A6F81DF9253DB69300A66AF0 /* Build configuration list for PBXNativeTarget "MyPlaces" */;
			buildPhases = (
				CA132B292D33ECFAC46D09A4 /* [CP] Check Pods Manifest.lock */,
				A6F81DE1253DB69200A66AF0 /* Sources */,
				A6F81DE2253DB69200A66AF0 /* Frameworks */,
				A6F81DE3253DB69200A66AF0 /* Resources */,
				60EA7D1CD35E12CFA0E07F51 /* [CP] Embed Pods Frameworks */,
			);
			buildRules = (
			);
			dependencies = (
			);
			name = MyPlaces;
			productName = MyPlaces;
			productReference = A6F81DE5253DB69200A66AF0 /* MyPlaces.app */;
			productType = "com.apple.product-type.application";
		};
/* End PBXNativeTarget section */

/* Begin PBXProject section */
		A6F81DDD253DB69200A66AF0 /* Project object */ = {
			isa = PBXProject;
			attributes = {
				LastSwiftUpdateCheck = 1130;
				LastUpgradeCheck = 1210;
				ORGANIZATIONNAME = Oleg;
				TargetAttributes = {
					A6F81DE4253DB69200A66AF0 = {
						CreatedOnToolsVersion = 11.3.1;
					};
				};
			};
			buildConfigurationList = A6F81DE0253DB69200A66AF0 /* Build configuration list for PBXProject "MyPlaces" */;
			compatibilityVersion = "Xcode 9.3";
			developmentRegion = en;
			hasScannedForEncodings = 0;
			knownRegions = (
				en,
				Base,
			);
			mainGroup = A6F81DDC253DB69200A66AF0;
			productRefGroup = A6F81DE6253DB69200A66AF0 /* Products */;
			projectDirPath = "";
			projectRoot = "";
			targets = (
				A6F81DE4253DB69200A66AF0 /* MyPlaces */,
			);
		};
/* End PBXProject section */

/* Begin PBXResourcesBuildPhase section */
		A6F81DE3253DB69200A66AF0 /* Resources */ = {
			isa = PBXResourcesBuildPhase;
			buildActionMask = 2147483647;
			files = (
				A6F81DF5253DB69300A66AF0 /* LaunchScreen.storyboard in Resources */,
				A6EA1064253E1054008E4EF0 /* Assets.xcassets in Resources */,
				A6F81DF0253DB69200A66AF0 /* Main.storyboard in Resources */,
			);
			runOnlyForDeploymentPostprocessing = 0;
		};
/* End PBXResourcesBuildPhase section */

/* Begin PBXShellScriptBuildPhase section */
		60EA7D1CD35E12CFA0E07F51 /* [CP] Embed Pods Frameworks */ = {
			isa = PBXShellScriptBuildPhase;
			buildActionMask = 2147483647;
			files = (
			);
			inputFileListPaths = (
				"${PODS_ROOT}/Target Support Files/Pods-MyPlaces/Pods-MyPlaces-frameworks-${CONFIGURATION}-input-files.xcfilelist",
			);
			name = "[CP] Embed Pods Frameworks";
			outputFileListPaths = (
				"${PODS_ROOT}/Target Support Files/Pods-MyPlaces/Pods-MyPlaces-frameworks-${CONFIGURATION}-output-files.xcfilelist",
			);
			runOnlyForDeploymentPostprocessing = 0;
			shellPath = /bin/sh;
			shellScript = "\"${PODS_ROOT}/Target Support Files/Pods-MyPlaces/Pods-MyPlaces-frameworks.sh\"\n";
			showEnvVarsInLog = 0;
		};
		CA132B292D33ECFAC46D09A4 /* [CP] Check Pods Manifest.lock */ = {
			isa = PBXShellScriptBuildPhase;
			buildActionMask = 2147483647;
			files = (
			);
			inputFileListPaths = (
			);
			inputPaths = (
				"${PODS_PODFILE_DIR_PATH}/Podfile.lock",
				"${PODS_ROOT}/Manifest.lock",
			);
			name = "[CP] Check Pods Manifest.lock";
			outputFileListPaths = (
			);
			outputPaths = (
				"$(DERIVED_FILE_DIR)/Pods-MyPlaces-checkManifestLockResult.txt",
			);
			runOnlyForDeploymentPostprocessing = 0;
			shellPath = /bin/sh;
			shellScript = "diff \"${PODS_PODFILE_DIR_PATH}/Podfile.lock\" \"${PODS_ROOT}/Manifest.lock\" > /dev/null\nif [ $? != 0 ] ; then\n    # print error to STDERR\n    echo \"error: The sandbox is not in sync with the Podfile.lock. Run 'pod install' or update your CocoaPods installation.\" >&2\n    exit 1\nfi\n# This output is used by Xcode 'outputs' to avoid re-running this script phase.\necho \"SUCCESS\" > \"${SCRIPT_OUTPUT_FILE_0}\"\n";
			showEnvVarsInLog = 0;
		};
/* End PBXShellScriptBuildPhase section */

/* Begin PBXSourcesBuildPhase section */
		A6F81DE1253DB69200A66AF0 /* Sources */ = {
			isa = PBXSourcesBuildPhase;
			buildActionMask = 2147483647;
			files = (
				A6F81DE9253DB69200A66AF0 /* AppDelegate.swift in Sources */,
				631C474925442E3700FD1105 /* StorigeManadger.swift in Sources */,
				A6EA1070253F12B3008E4EF0 /* NewPlaceViewController.swift in Sources */,
				63E4B53B254C521D002E72FD /* MapViewController.swift in Sources */,
				63E4B532254B1EE5002E72FD /* RatingPresent.swift in Sources */,
				A6F81DEB253DB69200A66AF0 /* SceneDelegate.swift in Sources */,
				63E4B52A254A2AAA002E72FD /* RatingControl.swift in Sources */,
				A6EA106C253E2682008E4EF0 /* PlaceModel.swift in Sources */,
				A6EA106A253E2332008E4EF0 /* CutomViewCellTableViewCell.swift in Sources */,
				A6F81DFD253DC12E00A66AF0 /* TableViewController.swift in Sources */,
			);
			runOnlyForDeploymentPostprocessing = 0;
		};
/* End PBXSourcesBuildPhase section */

/* Begin PBXVariantGroup section */
		A6F81DEE253DB69200A66AF0 /* Main.storyboard */ = {
			isa = PBXVariantGroup;
			children = (
				A6F81DEF253DB69200A66AF0 /* Base */,
			);
			name = Main.storyboard;
			sourceTree = "<group>";
		};
		A6F81DF3253DB69300A66AF0 /* LaunchScreen.storyboard */ = {
			isa = PBXVariantGroup;
			children = (
				A6F81DF4253DB69300A66AF0 /* Base */,
			);
			name = LaunchScreen.storyboard;
			sourceTree = "<group>";
		};
/* End PBXVariantGroup section */

/* Begin XCBuildConfiguration section */
		A6F81DF7253DB69300A66AF0 /* Debug */ = {
			isa = XCBuildConfiguration;
			buildSettings = {
				ALWAYS_SEARCH_USER_PATHS = NO;
				CLANG_ANALYZER_NONNULL = YES;
				CLANG_ANALYZER_NUMBER_OBJECT_CONVERSION = YES_AGGRESSIVE;
				CLANG_CXX_LANGUAGE_STANDARD = "gnu++14";
				CLANG_CXX_LIBRARY = "libc++";
				CLANG_ENABLE_MODULES = YES;
				CLANG_ENABLE_OBJC_ARC = YES;
				CLANG_ENABLE_OBJC_WEAK = YES;
				CLANG_WARN_BLOCK_CAPTURE_AUTORELEASING = YES;
				CLANG_WARN_BOOL_CONVERSION = YES;
				CLANG_WARN_COMMA = YES;
				CLANG_WARN_CONSTANT_CONVERSION = YES;
				CLANG_WARN_DEPRECATED_OBJC_IMPLEMENTATIONS = YES;
				CLANG_WARN_DIRECT_OBJC_ISA_USAGE = YES_ERROR;
				CLANG_WARN_DOCUMENTATION_COMMENTS = YES;
				CLANG_WARN_EMPTY_BODY = YES;
				CLANG_WARN_ENUM_CONVERSION = YES;
				CLANG_WARN_INFINITE_RECURSION = YES;
				CLANG_WARN_INT_CONVERSION = YES;
				CLANG_WARN_NON_LITERAL_NULL_CONVERSION = YES;
				CLANG_WARN_OBJC_IMPLICIT_RETAIN_SELF = YES;
				CLANG_WARN_OBJC_LITERAL_CONVERSION = YES;
				CLANG_WARN_OBJC_ROOT_CLASS = YES_ERROR;
				CLANG_WARN_QUOTED_INCLUDE_IN_FRAMEWORK_HEADER = YES;
				CLANG_WARN_RANGE_LOOP_ANALYSIS = YES;
				CLANG_WARN_STRICT_PROTOTYPES = YES;
				CLANG_WARN_SUSPICIOUS_MOVE = YES;
				CLANG_WARN_UNGUARDED_AVAILABILITY = YES_AGGRESSIVE;
				CLANG_WARN_UNREACHABLE_CODE = YES;
				CLANG_WARN__DUPLICATE_METHOD_MATCH = YES;
				COPY_PHASE_STRIP = NO;
				DEBUG_INFORMATION_FORMAT = dwarf;
				ENABLE_STRICT_OBJC_MSGSEND = YES;
				ENABLE_TESTABILITY = YES;
				GCC_C_LANGUAGE_STANDARD = gnu11;
				GCC_DYNAMIC_NO_PIC = NO;
				GCC_NO_COMMON_BLOCKS = YES;
				GCC_OPTIMIZATION_LEVEL = 0;
				GCC_PREPROCESSOR_DEFINITIONS = (
					"DEBUG=1",
					"$(inherited)",
				);
				GCC_WARN_64_TO_32_BIT_CONVERSION = YES;
				GCC_WARN_ABOUT_RETURN_TYPE = YES_ERROR;
				GCC_WARN_UNDECLARED_SELECTOR = YES;
				GCC_WARN_UNINITIALIZED_AUTOS = YES_AGGRESSIVE;
				GCC_WARN_UNUSED_FUNCTION = YES;
				GCC_WARN_UNUSED_VARIABLE = YES;
				IPHONEOS_DEPLOYMENT_TARGET = 13.2;
				MTL_ENABLE_DEBUG_INFO = INCLUDE_SOURCE;
				MTL_FAST_MATH = YES;
				ONLY_ACTIVE_ARCH = YES;
				SDKROOT = iphoneos;
				SWIFT_ACTIVE_COMPILATION_CONDITIONS = DEBUG;
				SWIFT_OPTIMIZATION_LEVEL = "-Onone";
			};
			name = Debug;
		};
		A6F81DF8253DB69300A66AF0 /* Release */ = {
			isa = XCBuildConfiguration;
			buildSettings = {
				ALWAYS_SEARCH_USER_PATHS = NO;
				CLANG_ANALYZER_NONNULL = YES;
				CLANG_ANALYZER_NUMBER_OBJECT_CONVERSION = YES_AGGRESSIVE;
				CLANG_CXX_LANGUAGE_STANDARD = "gnu++14";
				CLANG_CXX_LIBRARY = "libc++";
				CLANG_ENABLE_MODULES = YES;
				CLANG_ENABLE_OBJC_ARC = YES;
				CLANG_ENABLE_OBJC_WEAK = YES;
				CLANG_WARN_BLOCK_CAPTURE_AUTORELEASING = YES;
				CLANG_WARN_BOOL_CONVERSION = YES;
				CLANG_WARN_COMMA = YES;
				CLANG_WARN_CONSTANT_CONVERSION = YES;
				CLANG_WARN_DEPRECATED_OBJC_IMPLEMENTATIONS = YES;
				CLANG_WARN_DIRECT_OBJC_ISA_USAGE = YES_ERROR;
				CLANG_WARN_DOCUMENTATION_COMMENTS = YES;
				CLANG_WARN_EMPTY_BODY = YES;
				CLANG_WARN_ENUM_CONVERSION = YES;
				CLANG_WARN_INFINITE_RECURSION = YES;
				CLANG_WARN_INT_CONVERSION = YES;
				CLANG_WARN_NON_LITERAL_NULL_CONVERSION = YES;
				CLANG_WARN_OBJC_IMPLICIT_RETAIN_SELF = YES;
				CLANG_WARN_OBJC_LITERAL_CONVERSION = YES;
				CLANG_WARN_OBJC_ROOT_CLASS = YES_ERROR;
				CLANG_WARN_QUOTED_INCLUDE_IN_FRAMEWORK_HEADER = YES;
				CLANG_WARN_RANGE_LOOP_ANALYSIS = YES;
				CLANG_WARN_STRICT_PROTOTYPES = YES;
				CLANG_WARN_SUSPICIOUS_MOVE = YES;
				CLANG_WARN_UNGUARDED_AVAILABILITY = YES_AGGRESSIVE;
				CLANG_WARN_UNREACHABLE_CODE = YES;
				CLANG_WARN__DUPLICATE_METHOD_MATCH = YES;
				COPY_PHASE_STRIP = NO;
				DEBUG_INFORMATION_FORMAT = "dwarf-with-dsym";
				ENABLE_NS_ASSERTIONS = NO;
				ENABLE_STRICT_OBJC_MSGSEND = YES;
				GCC_C_LANGUAGE_STANDARD = gnu11;
				GCC_NO_COMMON_BLOCKS = YES;
				GCC_WARN_64_TO_32_BIT_CONVERSION = YES;
				GCC_WARN_ABOUT_RETURN_TYPE = YES_ERROR;
				GCC_WARN_UNDECLARED_SELECTOR = YES;
				GCC_WARN_UNINITIALIZED_AUTOS = YES_AGGRESSIVE;
				GCC_WARN_UNUSED_FUNCTION = YES;
				GCC_WARN_UNUSED_VARIABLE = YES;
				IPHONEOS_DEPLOYMENT_TARGET = 13.2;
				MTL_ENABLE_DEBUG_INFO = NO;
				MTL_FAST_MATH = YES;
				SDKROOT = iphoneos;
				SWIFT_COMPILATION_MODE = wholemodule;
				SWIFT_OPTIMIZATION_LEVEL = "-O";
				VALIDATE_PRODUCT = YES;
			};
			name = Release;
		};
		A6F81DFA253DB69300A66AF0 /* Debug */ = {
			isa = XCBuildConfiguration;
			baseConfigurationReference = FEB5C02F731DC62278197230 /* Pods-MyPlaces.debug.xcconfig */;
			buildSettings = {
				ASSETCATALOG_COMPILER_APPICON_NAME = AppIcon;
				CODE_SIGN_STYLE = Automatic;
				DEVELOPMENT_TEAM = 3YGACN3ADP;
				INFOPLIST_FILE = MyPlaces/Info.plist;
				LD_RUNPATH_SEARCH_PATHS = (
					"$(inherited)",
					"@executable_path/Frameworks",
				);
				PRODUCT_BUNDLE_IDENTIFIER = Oleg.MyPlaces;
				PRODUCT_NAME = "$(TARGET_NAME)";
				SWIFT_VERSION = 5.0;
				TARGETED_DEVICE_FAMILY = "1,2";
			};
			name = Debug;
		};
		A6F81DFB253DB69300A66AF0 /* Release */ = {
			isa = XCBuildConfiguration;
			baseConfigurationReference = F69DC0F87577F379114C0100 /* Pods-MyPlaces.release.xcconfig */;
			buildSettings = {
				ASSETCATALOG_COMPILER_APPICON_NAME = AppIcon;
				CODE_SIGN_STYLE = Automatic;
				DEVELOPMENT_TEAM = 3YGACN3ADP;
				INFOPLIST_FILE = MyPlaces/Info.plist;
				LD_RUNPATH_SEARCH_PATHS = (
					"$(inherited)",
					"@executable_path/Frameworks",
				);
				PRODUCT_BUNDLE_IDENTIFIER = Oleg.MyPlaces;
				PRODUCT_NAME = "$(TARGET_NAME)";
				SWIFT_VERSION = 5.0;
				TARGETED_DEVICE_FAMILY = "1,2";
			};
			name = Release;
		};
/* End XCBuildConfiguration section */

/* Begin XCConfigurationList section */
		A6F81DE0253DB69200A66AF0 /* Build configuration list for PBXProject "MyPlaces" */ = {
			isa = XCConfigurationList;
			buildConfigurations = (
				A6F81DF7253DB69300A66AF0 /* Debug */,
				A6F81DF8253DB69300A66AF0 /* Release */,
			);
			defaultConfigurationIsVisible = 0;
			defaultConfigurationName = Release;
		};
		A6F81DF9253DB69300A66AF0 /* Build configuration list for PBXNativeTarget "MyPlaces" */ = {
			isa = XCConfigurationList;
			buildConfigurations = (
				A6F81DFA253DB69300A66AF0 /* Debug */,
				A6F81DFB253DB69300A66AF0 /* Release */,
			);
			defaultConfigurationIsVisible = 0;
			defaultConfigurationName = Release;
		};
/* End XCConfigurationList section */
	};
	rootObject = A6F81DDD253DB69200A66AF0 /* Project object */;
}
